
Microsoft Visual Studio Solution File, Format Version 12.00
# Visual Studio Version 17
VisualStudioVersion = 17.5.002.0
MinimumVisualStudioVersion = 10.0.40219.1
Project("{9A19103F-16F7-4668-BE54-9A1E7A4F7556}") = "PatroKars", "PatroKars.csproj", "{7A42F931-9229-430C-873E-EB1140153BCC}"
EndProject
Global
	GlobalSection(SolutionConfigurationPlatforms) = preSolution
		Debug|Any CPU = Debug|Any CPU
		Release|Any CPU = Release|Any CPU
	EndGlobalSection
	GlobalSection(ProjectConfigurationPlatforms) = postSolution
		{7A42F931-9229-430C-873E-EB1140153BCC}.Debug|Any CPU.ActiveCfg = Debug|Any CPU
		{7A42F931-9229-430C-873E-EB1140153BCC}.Debug|Any CPU.Build.0 = Debug|Any CPU
		{7A42F931-9229-430C-873E-EB1140153BCC}.Release|Any CPU.ActiveCfg = Release|Any CPU
		{7A42F931-9229-430C-873E-EB1140153BCC}.Release|Any CPU.Build.0 = Release|Any CPU
	EndGlobalSection
	GlobalSection(SolutionProperties) = preSolution
		HideSolutionNode = FALSE
	EndGlobalSection
	GlobalSection(ExtensibilityGlobals) = postSolution
		SolutionGuid = {4C0959D7-4B15-4BF0-BC7B-E09FC2CE2F9A}
	EndGlobalSection
EndGlobal
